// !$*UTF8*$!
{
	archiveVersion = 1;
	classes = {
	};
	objectVersion = 50;
	objects = {

/* Begin PBXBuildFile section */
		E304E63E242BEB15006849BC /* AppDelegate.swift in Sources */ = {isa = PBXBuildFile; fileRef = E304E63D242BEB15006849BC /* AppDelegate.swift */; };
		E304E640242BEB15006849BC /* SceneDelegate.swift in Sources */ = {isa = PBXBuildFile; fileRef = E304E63F242BEB15006849BC /* SceneDelegate.swift */; };
		E304E642242BEB15006849BC /* ViewController.swift in Sources */ = {isa = PBXBuildFile; fileRef = E304E641242BEB15006849BC /* ViewController.swift */; };
		E304E645242BEB15006849BC /* Main.storyboard in Resources */ = {isa = PBXBuildFile; fileRef = E304E643242BEB15006849BC /* Main.storyboard */; };
		E304E647242BEB17006849BC /* Assets.xcassets in Resources */ = {isa = PBXBuildFile; fileRef = E304E646242BEB17006849BC /* Assets.xcassets */; };
		E304E64A242BEB17006849BC /* LaunchScreen.storyboard in Resources */ = {isa = PBXBuildFile; fileRef = E304E648242BEB17006849BC /* LaunchScreen.storyboard */; };
		E304E652242BEB7A006849BC /* Food101.mlmodel in Sources */ = {isa = PBXBuildFile; fileRef = E304E651242BEB7A006849BC /* Food101.mlmodel */; };
		E30BBC1E2431CF1B00EF04C7 /* FoodClassifier.mlmodel in Sources */ = {isa = PBXBuildFile; fileRef = E30BBC1D2431CF1B00EF04C7 /* FoodClassifier.mlmodel */; };
/* End PBXBuildFile section */

/* Begin PBXFileReference section */
		E304E63A242BEB15006849BC /* FoodRecognizer.app */ = {isa = PBXFileReference; explicitFileType = wrapper.application; includeInIndex = 0; path = FoodRecognizer.app; sourceTree = BUILT_PRODUCTS_DIR; };
		E304E63D242BEB15006849BC /* AppDelegate.swift */ = {isa = PBXFileReference; lastKnownFileType = sourcecode.swift; path = AppDelegate.swift; sourceTree = "<group>"; };
		E304E63F242BEB15006849BC /* SceneDelegate.swift */ = {isa = PBXFileReference; lastKnownFileType = sourcecode.swift; path = SceneDelegate.swift; sourceTree = "<group>"; };
		E304E641242BEB15006849BC /* ViewController.swift */ = {isa = PBXFileReference; lastKnownFileType = sourcecode.swift; path = ViewController.swift; sourceTree = "<group>"; };
		E304E644242BEB15006849BC /* Base */ = {isa = PBXFileReference; lastKnownFileType = file.storyboard; name = Base; path = Base.lproj/Main.storyboard; sourceTree = "<group>"; };
		E304E646242BEB17006849BC /* Assets.xcassets */ = {isa = PBXFileReference; lastKnownFileType = folder.assetcatalog; path = Assets.xcassets; sourceTree = "<group>"; };
		E304E649242BEB17006849BC /* Base */ = {isa = PBXFileReference; lastKnownFileType = file.storyboard; name = Base; path = Base.lproj/LaunchScreen.storyboard; sourceTree = "<group>"; };
		E304E64B242BEB17006849BC /* Info.plist */ = {isa = PBXFileReference; lastKnownFileType = text.plist.xml; path = Info.plist; sourceTree = "<group>"; };
		E304E651242BEB7A006849BC /* Food101.mlmodel */ = {isa = PBXFileReference; lastKnownFileType = file.mlmodel; path = Food101.mlmodel; sourceTree = "<group>"; };
		E30BBC1D2431CF1B00EF04C7 /* FoodClassifier.mlmodel */ = {isa = PBXFileReference; lastKnownFileType = file.mlmodel; path = FoodClassifier.mlmodel; sourceTree = "<group>"; };
/* End PBXFileReference section */

/* Begin PBXFrameworksBuildPhase section */
		E304E637242BEB15006849BC /* Frameworks */ = {
			isa = PBXFrameworksBuildPhase;
			buildActionMask = 2147483647;
			files = (
			);
			runOnlyForDeploymentPostprocessing = 0;
		};
/* End PBXFrameworksBuildPhase section */

/* Begin PBXGroup section */
		E304E631242BEB15006849BC = {
			isa = PBXGroup;
			children = (
				E304E63C242BEB15006849BC /* FoodRecognizer */,
				E304E63B242BEB15006849BC /* Products */,
			);
			sourceTree = "<group>";
		};
		E304E63B242BEB15006849BC /* Products */ = {
			isa = PBXGroup;
			children = (
				E304E63A242BEB15006849BC /* FoodRecognizer.app */,
			);
			name = Products;
			sourceTree = "<group>";
		};
		E304E63C242BEB15006849BC /* FoodRecognizer */ = {
			isa = PBXGroup;
			children = (
				E304E651242BEB7A006849BC /* Food101.mlmodel */,
				E30BBC1D2431CF1B00EF04C7 /* FoodClassifier.mlmodel */,
				E304E63D242BEB15006849BC /* AppDelegate.swift */,
				E304E63F242BEB15006849BC /* SceneDelegate.swift */,
				E304E641242BEB15006849BC /* ViewController.swift */,
				E304E643242BEB15006849BC /* Main.storyboard */,
				E304E646242BEB17006849BC /* Assets.xcassets */,
				E304E648242BEB17006849BC /* LaunchScreen.storyboard */,
				E304E64B242BEB17006849BC /* Info.plist */,
			);
			path = FoodRecognizer;
			sourceTree = "<group>";
		};
/* End PBXGroup section */

/* Begin PBXNativeTarget section */
		E304E639242BEB15006849BC /* FoodRecognizer */ = {
			isa = PBXNativeTarget;
			buildConfigurationList = E304E64E242BEB17006849BC /* Build configuration list for PBXNativeTarget "FoodRecognizer" */;
			buildPhases = (
				E304E636242BEB15006849BC /* Sources */,
				E304E637242BEB15006849BC /* Frameworks */,
				E304E638242BEB15006849BC /* Resources */,
			);
			buildRules = (
			);
			dependencies = (
			);
			name = FoodRecognizer;
			productName = FoodRecognizer;
			productReference = E304E63A242BEB15006849BC /* FoodRecognizer.app */;
			productType = "com.apple.product-type.application";
		};
/* End PBXNativeTarget section */

/* Begin PBXProject section */
		E304E632242BEB15006849BC /* Project object */ = {
			isa = PBXProject;
			attributes = {
				LastSwiftUpdateCheck = 1130;
				LastUpgradeCheck = 1130;
				ORGANIZATIONNAME = "Giuseppe Ferrara";
				TargetAttributes = {
					E304E639242BEB15006849BC = {
						CreatedOnToolsVersion = 11.3.1;
					};
				};
			};
			buildConfigurationList = E304E635242BEB15006849BC /* Build configuration list for PBXProject "FoodRecognizer" */;
			compatibilityVersion = "Xcode 9.3";
			developmentRegion = en;
			hasScannedForEncodings = 0;
			knownRegions = (
				en,
				Base,
			);
			mainGroup = E304E631242BEB15006849BC;
			productRefGroup = E304E63B242BEB15006849BC /* Products */;
			projectDirPath = "";
			projectRoot = "";
			targets = (
				E304E639242BEB15006849BC /* FoodRecognizer */,
			);
		};
/* End PBXProject section */

/* Begin PBXResourcesBuildPhase section */
		E304E638242BEB15006849BC /* Resources */ = {
			isa = PBXResourcesBuildPhase;
			buildActionMask = 2147483647;
			files = (
				E304E64A242BEB17006849BC /* LaunchScreen.storyboard in Resources */,
				E304E647242BEB17006849BC /* Assets.xcassets in Resources */,
				E304E645242BEB15006849BC /* Main.storyboard in Resources */,
			);
			runOnlyForDeploymentPostprocessing = 0;
		};
/* End PBXResourcesBuildPhase section */

/* Begin PBXSourcesBuildPhase section */
		E304E636242BEB15006849BC /* Sources */ = {
			isa = PBXSourcesBuildPhase;
			buildActionMask = 2147483647;
			files = (
				E304E642242BEB15006849BC /* ViewController.swift in Sources */,
				E304E652242BEB7A006849BC /* Food101.mlmodel in Sources */,
				E30BBC1E2431CF1B00EF04C7 /* FoodClassifier.mlmodel in Sources */,
				E304E63E242BEB15006849BC /* AppDelegate.swift in Sources */,
				E304E640242BEB15006849BC /* SceneDelegate.swift in Sources */,
			);
			runOnlyForDeploymentPostprocessing = 0;
		};
/* End PBXSourcesBuildPhase section */

/* Begin PBXVariantGroup section */
		E304E643242BEB15006849BC /* Main.storyboard */ = {
			isa = PBXVariantGroup;
			children = (
				E304E644242BEB15006849BC /* Base */,
			);
			name = Main.storyboard;
			sourceTree = "<group>";
		};
		E304E648242BEB17006849BC /* LaunchScreen.storyboard */ = {
			isa = PBXVariantGroup;
			children = (
				E304E649242BEB17006849BC /* Base */,
			);
			name = LaunchScreen.storyboard;
			sourceTree = "<group>";
		};
/* End PBXVariantGroup section */

/* Begin XCBuildConfiguration section */
		E304E64C242BEB17006849BC /* Debug */ = {
			isa = XCBuildConfiguration;
			buildSettings = {
				ALWAYS_SEARCH_USER_PATHS = NO;
				CLANG_ANALYZER_NONNULL = YES;
				CLANG_ANALYZER_NUMBER_OBJECT_CONVERSION = YES_AGGRESSIVE;
				CLANG_CXX_LANGUAGE_STANDARD = "gnu++14";
				CLANG_CXX_LIBRARY = "libc++";
				CLANG_ENABLE_MODULES = YES;
				CLANG_ENABLE_OBJC_ARC = YES;
				CLANG_ENABLE_OBJC_WEAK = YES;
				CLANG_WARN_BLOCK_CAPTURE_AUTORELEASING = YES;
				CLANG_WARN_BOOL_CONVERSION = YES;
				CLANG_WARN_COMMA = YES;
				CLANG_WARN_CONSTANT_CONVERSION = YES;
				CLANG_WARN_DEPRECATED_OBJC_IMPLEMENTATIONS = YES;
				CLANG_WARN_DIRECT_OBJC_ISA_USAGE = YES_ERROR;
				CLANG_WARN_DOCUMENTATION_COMMENTS = YES;
				CLANG_WARN_EMPTY_BODY = YES;
				CLANG_WARN_ENUM_CONVERSION = YES;
				CLANG_WARN_INFINITE_RECURSION = YES;
				CLANG_WARN_INT_CONVERSION = YES;
				CLANG_WARN_NON_LITERAL_NULL_CONVERSION = YES;
				CLANG_WARN_OBJC_IMPLICIT_RETAIN_SELF = YES;
				CLANG_WARN_OBJC_LITERAL_CONVERSION = YES;
				CLANG_WARN_OBJC_ROOT_CLASS = YES_ERROR;
				CLANG_WARN_RANGE_LOOP_ANALYSIS = YES;
				CLANG_WARN_STRICT_PROTOTYPES = YES;
				CLANG_WARN_SUSPICIOUS_MOVE = YES;
				CLANG_WARN_UNGUARDED_AVAILABILITY = YES_AGGRESSIVE;
				CLANG_WARN_UNREACHABLE_CODE = YES;
				CLANG_WARN__DUPLICATE_METHOD_MATCH = YES;
				COPY_PHASE_STRIP = NO;
				DEBUG_INFORMATION_FORMAT = dwarf;
				ENABLE_STRICT_OBJC_MSGSEND = YES;
				ENABLE_TESTABILITY = YES;
				GCC_C_LANGUAGE_STANDARD = gnu11;
				GCC_DYNAMIC_NO_PIC = NO;
				GCC_NO_COMMON_BLOCKS = YES;
				GCC_OPTIMIZATION_LEVEL = 0;
				GCC_PREPROCESSOR_DEFINITIONS = (
					"DEBUG=1",
					"$(inherited)",
				);
				GCC_WARN_64_TO_32_BIT_CONVERSION = YES;
				GCC_WARN_ABOUT_RETURN_TYPE = YES_ERROR;
				GCC_WARN_UNDECLARED_SELECTOR = YES;
				GCC_WARN_UNINITIALIZED_AUTOS = YES_AGGRESSIVE;
				GCC_WARN_UNUSED_FUNCTION = YES;
				GCC_WARN_UNUSED_VARIABLE = YES;
				IPHONEOS_DEPLOYMENT_TARGET = 13.2;
				MTL_ENABLE_DEBUG_INFO = INCLUDE_SOURCE;
				MTL_FAST_MATH = YES;
				ONLY_ACTIVE_ARCH = YES;
				SDKROOT = iphoneos;
				SWIFT_ACTIVE_COMPILATION_CONDITIONS = DEBUG;
				SWIFT_OPTIMIZATION_LEVEL = "-Onone";
			};
			name = Debug;
		};
		E304E64D242BEB17006849BC /* Release */ = {
			isa = XCBuildConfiguration;
			buildSettings = {
				ALWAYS_SEARCH_USER_PATHS = NO;
				CLANG_ANALYZER_NONNULL = YES;
				CLANG_ANALYZER_NUMBER_OBJECT_CONVERSION = YES_AGGRESSIVE;
				CLANG_CXX_LANGUAGE_STANDARD = "gnu++14";
				CLANG_CXX_LIBRARY = "libc++";
				CLANG_ENABLE_MODULES = YES;
				CLANG_ENABLE_OBJC_ARC = YES;
				CLANG_ENABLE_OBJC_WEAK = YES;
				CLANG_WARN_BLOCK_CAPTURE_AUTORELEASING = YES;
				CLANG_WARN_BOOL_CONVERSION = YES;
				CLANG_WARN_COMMA = YES;
				CLANG_WARN_CONSTANT_CONVERSION = YES;
				CLANG_WARN_DEPRECATED_OBJC_IMPLEMENTATIONS = YES;
				CLANG_WARN_DIRECT_OBJC_ISA_USAGE = YES_ERROR;
				CLANG_WARN_DOCUMENTATION_COMMENTS = YES;
				CLANG_WARN_EMPTY_BODY = YES;
				CLANG_WARN_ENUM_CONVERSION = YES;
				CLANG_WARN_INFINITE_RECURSION = YES;
				CLANG_WARN_INT_CONVERSION = YES;
				CLANG_WARN_NON_LITERAL_NULL_CONVERSION = YES;
				CLANG_WARN_OBJC_IMPLICIT_RETAIN_SELF = YES;
				CLANG_WARN_OBJC_LITERAL_CONVERSION = YES;
				CLANG_WARN_OBJC_ROOT_CLASS = YES_ERROR;
				CLANG_WARN_RANGE_LOOP_ANALYSIS = YES;
				CLANG_WARN_STRICT_PROTOTYPES = YES;
				CLANG_WARN_SUSPICIOUS_MOVE = YES;
				CLANG_WARN_UNGUARDED_AVAILABILITY = YES_AGGRESSIVE;
				CLANG_WARN_UNREACHABLE_CODE = YES;
				CLANG_WARN__DUPLICATE_METHOD_MATCH = YES;
				COPY_PHASE_STRIP = NO;
				DEBUG_INFORMATION_FORMAT = "dwarf-with-dsym";
				ENABLE_NS_ASSERTIONS = NO;
				ENABLE_STRICT_OBJC_MSGSEND = YES;
				GCC_C_LANGUAGE_STANDARD = gnu11;
				GCC_NO_COMMON_BLOCKS = YES;
				GCC_WARN_64_TO_32_BIT_CONVERSION = YES;
				GCC_WARN_ABOUT_RETURN_TYPE = YES_ERROR;
				GCC_WARN_UNDECLARED_SELECTOR = YES;
				GCC_WARN_UNINITIALIZED_AUTOS = YES_AGGRESSIVE;
				GCC_WARN_UNUSED_FUNCTION = YES;
				GCC_WARN_UNUSED_VARIABLE = YES;
				IPHONEOS_DEPLOYMENT_TARGET = 13.2;
				MTL_ENABLE_DEBUG_INFO = NO;
				MTL_FAST_MATH = YES;
				SDKROOT = iphoneos;
				SWIFT_COMPILATION_MODE = wholemodule;
				SWIFT_OPTIMIZATION_LEVEL = "-O";
				VALIDATE_PRODUCT = YES;
			};
			name = Release;
		};
		E304E64F242BEB17006849BC /* Debug */ = {
			isa = XCBuildConfiguration;
			buildSettings = {
				ASSETCATALOG_COMPILER_APPICON_NAME = AppIcon;
				CODE_SIGN_STYLE = Automatic;
				DEVELOPMENT_TEAM = 94JB4H7QQH;
				INFOPLIST_FILE = FoodRecognizer/Info.plist;
				LD_RUNPATH_SEARCH_PATHS = (
					"$(inherited)",
					"@executable_path/Frameworks",
				);
				PRODUCT_BUNDLE_IDENTIFIER = "com.Giuseppe-Ferrara.FoodRecognizer";
				PRODUCT_NAME = "$(TARGET_NAME)";
				SWIFT_VERSION = 5.0;
				TARGETED_DEVICE_FAMILY = "1,2";
			};
			name = Debug;
		};
		E304E650242BEB17006849BC /* Release */ = {
			isa = XCBuildConfiguration;
			buildSettings = {
				ASSETCATALOG_COMPILER_APPICON_NAME = AppIcon;
				CODE_SIGN_STYLE = Automatic;
				DEVELOPMENT_TEAM = 94JB4H7QQH;
				INFOPLIST_FILE = FoodRecognizer/Info.plist;
				LD_RUNPATH_SEARCH_PATHS = (
					"$(inherited)",
					"@executable_path/Frameworks",
				);
				PRODUCT_BUNDLE_IDENTIFIER = "com.Giuseppe-Ferrara.FoodRecognizer";
				PRODUCT_NAME = "$(TARGET_NAME)";
				SWIFT_VERSION = 5.0;
				TARGETED_DEVICE_FAMILY = "1,2";
			};
			name = Release;
		};
/* End XCBuildConfiguration section */

/* Begin XCConfigurationList section */
		E304E635242BEB15006849BC /* Build configuration list for PBXProject "FoodRecognizer" */ = {
			isa = XCConfigurationList;
			buildConfigurations = (
				E304E64C242BEB17006849BC /* Debug */,
				E304E64D242BEB17006849BC /* Release */,
			);
			defaultConfigurationIsVisible = 0;
			defaultConfigurationName = Release;
		};
		E304E64E242BEB17006849BC /* Build configuration list for PBXNativeTarget "FoodRecognizer" */ = {
			isa = XCConfigurationList;
			buildConfigurations = (
				E304E64F242BEB17006849BC /* Debug */,
				E304E650242BEB17006849BC /* Release */,
			);
			defaultConfigurationIsVisible = 0;
			defaultConfigurationName = Release;
		};
/* End XCConfigurationList section */
	};
	rootObject = E304E632242BEB15006849BC /* Project object */;
}
